
Microsoft Visual Studio Solution File, Format Version 12.00
# Visual Studio Version 16
VisualStudioVersion = 16.0.30114.105
MinimumVisualStudioVersion = 10.0.40219.1
Project("{FAE04EC0-301F-11D3-BF4B-00C04F79EFBC}") = "API", "API\API.csproj", "{777FDBAE-5056-4B2B-A339-CD91A2465EDD}"
EndProject
Global
	GlobalSection(SolutionConfigurationPlatforms) = preSolution
		Debug|Any CPU = Debug|Any CPU
		Release|Any CPU = Release|Any CPU
	EndGlobalSection
	GlobalSection(SolutionProperties) = preSolution
		HideSolutionNode = FALSE
	EndGlobalSection
	GlobalSection(ProjectConfigurationPlatforms) = postSolution
		{777FDBAE-5056-4B2B-A339-CD91A2465EDD}.Debug|Any CPU.ActiveCfg = Debug|Any CPU
		{777FDBAE-5056-4B2B-A339-CD91A2465EDD}.Debug|Any CPU.Build.0 = Debug|Any CPU
		{777FDBAE-5056-4B2B-A339-CD91A2465EDD}.Release|Any CPU.ActiveCfg = Release|Any CPU
		{777FDBAE-5056-4B2B-A339-CD91A2465EDD}.Release|Any CPU.Build.0 = Release|Any CPU
	EndGlobalSection
EndGlobal
